
Microsoft Visual Studio Solution File, Format Version 12.00
# Visual Studio 15
Project("{FAE04EC0-301F-11D3-BF4B-00C04F79EFBC}") = "VuforiaScripts", "VuforiaScripts.csproj", "{60876083-0982-CE25-2340-5BD33468267A}"
EndProject
Project("{FAE04EC0-301F-11D3-BF4B-00C04F79EFBC}") = "Assembly-CSharp", "Assembly-CSharp.csproj", "{6130C5FA-8623-38DD-F4B7-7C2E5E5FB391}"
EndProject
Project("{FAE04EC0-301F-11D3-BF4B-00C04F79EFBC}") = "VuforiaEditorScripts", "VuforiaEditorScripts.csproj", "{8E768245-C91A-8C30-9F65-3825EA8D5C5A}"
EndProject
Global
	GlobalSection(SolutionConfigurationPlatforms) = preSolution
		Debug|Any CPU = Debug|Any CPU
		Release|Any CPU = Release|Any CPU
	EndGlobalSection
	GlobalSection(ProjectConfigurationPlatforms) = postSolution
		{60876083-0982-CE25-2340-5BD33468267A}.Debug|Any CPU.ActiveCfg = Debug|Any CPU
		{60876083-0982-CE25-2340-5BD33468267A}.Debug|Any CPU.Build.0 = Debug|Any CPU
		{60876083-0982-CE25-2340-5BD33468267A}.Release|Any CPU.ActiveCfg = Release|Any CPU
		{60876083-0982-CE25-2340-5BD33468267A}.Release|Any CPU.Build.0 = Release|Any CPU
		{6130C5FA-8623-38DD-F4B7-7C2E5E5FB391}.Debug|Any CPU.ActiveCfg = Debug|Any CPU
		{6130C5FA-8623-38DD-F4B7-7C2E5E5FB391}.Debug|Any CPU.Build.0 = Debug|Any CPU
		{6130C5FA-8623-38DD-F4B7-7C2E5E5FB391}.Release|Any CPU.ActiveCfg = Release|Any CPU
		{6130C5FA-8623-38DD-F4B7-7C2E5E5FB391}.Release|Any CPU.Build.0 = Release|Any CPU
		{8E768245-C91A-8C30-9F65-3825EA8D5C5A}.Debug|Any CPU.ActiveCfg = Debug|Any CPU
		{8E768245-C91A-8C30-9F65-3825EA8D5C5A}.Debug|Any CPU.Build.0 = Debug|Any CPU
		{8E768245-C91A-8C30-9F65-3825EA8D5C5A}.Release|Any CPU.ActiveCfg = Release|Any CPU
		{8E768245-C91A-8C30-9F65-3825EA8D5C5A}.Release|Any CPU.Build.0 = Release|Any CPU
	EndGlobalSection
	GlobalSection(SolutionProperties) = preSolution
		HideSolutionNode = FALSE
	EndGlobalSection
EndGlobal
